# This file is automatically @generated by Cargo.
# It is not intended for manual editing.
version = 4

[[package]]
name = "cfg-if"
version = "1.0.0"
source = "registry+https://github.com/rust-lang/crates.io-index"
checksum = "baf1de4339761588bc0619e3cbc0120ee582ebb74b53b4efbf79117bd2da40fd"

[[package]]
name = "embedded-hal"
version = "1.0.0"
source = "registry+https://github.com/rust-lang/crates.io-index"
checksum = "361a90feb7004eca4019fb28352a9465666b24f840f5c3cddf0ff13920590b89"

[[package]]
name = "ftdi-mpsse"
version = "0.1.2"
source = "registry+https://github.com/rust-lang/crates.io-index"
checksum = "5dd2c246fb727197d284bf7273718ed6b1c9a94a128bb618b97f13daec658a12"
dependencies = [
 "static_assertions",
]

[[package]]
name = "i2c"
version = "0.1.0"
dependencies = [
 "embedded-hal",
 "libftd2xx",
]

[[package]]
name = "libftd2xx"
version = "0.33.1"
source = "registry+https://github.com/rust-lang/crates.io-index"
checksum = "e09fe202b49276fc72160c27c8af5ff34e6ee3db78625bbfe3bd9c2b2e595af6"
dependencies = [
 "ftdi-mpsse",
 "libftd2xx-ffi",
 "log",
 "paste",
 "static_assertions",
]

[[package]]
name = "libftd2xx-ffi"
version = "0.8.7"
source = "registry+https://github.com/rust-lang/crates.io-index"
checksum = "ebd82d23ae0cbbf0fb65ad0310b474e45ddfdece8aa03a34130c59c04333c701"
dependencies = [
 "cfg-if",
]

[[package]]
name = "log"
version = "0.4.22"
source = "registry+https://github.com/rust-lang/crates.io-index"
checksum = "a7a70ba024b9dc04c27ea2f0c0548feb474ec5c54bba33a7f72f873a39d07b24"

[[package]]
name = "paste"
version = "1.0.15"
source = "registry+https://github.com/rust-lang/crates.io-index"
checksum = "57c0d7b74b563b49d38dae00a0c37d4d6de9b432382b2892f0574ddcae73fd0a"

[[package]]
name = "static_assertions"
version = "1.1.0"
source = "registry+https://github.com/rust-lang/crates.io-index"
checksum = "a2eb9349b6444b326872e140eb1cf5e7c522154d69e7a0ffb0fb81c06b37543f"
